# generated by rye
# use `rye lock` or `rye sync` to update this lockfile
#
# last locked with the following flags:
#   pre: false
#   features: []
#   all-features: false
#   with-sources: false
#   generate-hashes: false
#   universal: false

-e file:.
aiohappyeyeballs==2.4.0
    # via aiohttp
    # via cdp-sdk
aiohttp==3.10.5
    # via cdp-sdk
    # via web3
aiosignal==1.3.1
    # via aiohttp
    # via cdp-sdk
annotated-types==0.7.0
    # via cdp-sdk
    # via pydantic
asn1crypto==1.5.1
    # via cdp-sdk
    # via coincurve
async-timeout==4.0.3
    # via cdp-sdk
attrs==24.2.0
    # via aiohttp
    # via cdp-sdk
bip-utils==2.9.3
    # via cdp-sdk
bitarray==2.9.2
    # via cdp-sdk
    # via eth-account
blinker==1.9.0
    # via flask
cbor2==5.6.4
    # via bip-utils
    # via cdp-sdk
cdp-sdk==0.10.3
    # via eth-talk
certifi==2024.8.30
    # via cdp-sdk
    # via requests
cffi==1.17.1
    # via cdp-sdk
    # via coincurve
    # via cryptography
    # via pynacl
charset-normalizer==3.3.2
    # via cdp-sdk
    # via requests
ckzg==2.0.1
    # via cdp-sdk
    # via eth-account
click==8.1.7
    # via flask
coincurve==20.0.0
    # via bip-utils
    # via cdp-sdk
crcmod==1.7
    # via bip-utils
    # via cdp-sdk
cryptography==43.0.1
    # via cdp-sdk
cytoolz==0.12.3
    # via cdp-sdk
    # via eth-utils
ecdsa==0.19.0
    # via bip-utils
    # via cdp-sdk
ed25519-blake2b==1.4.1
    # via bip-utils
    # via cdp-sdk
eth-abi==5.1.0
    # via cdp-sdk
    # via eth-account
    # via web3
eth-account==0.13.3
    # via cdp-sdk
    # via web3
eth-hash==0.7.0
    # via cdp-sdk
    # via eth-utils
    # via web3
eth-keyfile==0.8.1
    # via cdp-sdk
    # via eth-account
eth-keys==0.5.1
    # via cdp-sdk
    # via eth-account
    # via eth-keyfile
eth-rlp==2.1.0
    # via cdp-sdk
    # via eth-account
eth-typing==5.0.0
    # via cdp-sdk
    # via eth-abi
    # via eth-keys
    # via eth-utils
    # via web3
eth-utils==5.0.0
    # via cdp-sdk
    # via eth-abi
    # via eth-account
    # via eth-keyfile
    # via eth-keys
    # via eth-rlp
    # via rlp
    # via web3
flask==3.1.0
    # via eth-talk
frozenlist==1.4.1
    # via aiohttp
    # via aiosignal
    # via cdp-sdk
hexbytes==1.2.1
    # via cdp-sdk
    # via eth-account
    # via eth-rlp
    # via eth-utils
    # via web3
idna==3.10
    # via cdp-sdk
    # via requests
    # via yarl
itsdangerous==2.2.0
    # via flask
jinja2==3.1.4
    # via flask
markupsafe==3.0.2
    # via jinja2
    # via werkzeug
multidict==6.1.0
    # via aiohttp
    # via cdp-sdk
    # via yarl
parsimonious==0.10.0
    # via cdp-sdk
    # via eth-abi
py-sr25519-bindings==0.2.0
    # via bip-utils
    # via cdp-sdk
pycparser==2.22
    # via cdp-sdk
    # via cffi
pycryptodome==3.20.0
    # via bip-utils
    # via cdp-sdk
    # via eth-hash
    # via eth-keyfile
pydantic==2.9.2
    # via cdp-sdk
    # via eth-account
    # via web3
pydantic-core==2.23.4
    # via cdp-sdk
    # via pydantic
pyjwt==2.9.0
    # via cdp-sdk
pynacl==1.5.0
    # via bip-utils
    # via cdp-sdk
python-dateutil==2.9.0.post0
    # via cdp-sdk
pyunormalize==16.0.0
    # via cdp-sdk
    # via web3
regex==2024.9.11
    # via cdp-sdk
    # via parsimonious
requests==2.32.3
    # via cdp-sdk
    # via web3
rlp==4.0.1
    # via cdp-sdk
    # via eth-account
    # via eth-rlp
six==1.16.0
    # via cdp-sdk
    # via ecdsa
    # via python-dateutil
toolz==0.12.1
    # via cdp-sdk
    # via cytoolz
types-requests==2.32.0.20240914
    # via cdp-sdk
    # via web3
typing-extensions==4.12.2
    # via cdp-sdk
    # via eth-typing
    # via pydantic
    # via pydantic-core
    # via web3
urllib3==2.2.3
    # via cdp-sdk
    # via requests
    # via types-requests
web3==7.2.0
    # via cdp-sdk
websockets==13.0.1
    # via cdp-sdk
    # via web3
werkzeug==3.1.3
    # via flask
yarl==1.11.1
    # via aiohttp
    # via cdp-sdk
